
Microsoft Visual Studio Solution File, Format Version 12.00
# Visual Studio Version 16
VisualStudioVersion = 16.0.30804.86
MinimumVisualStudioVersion = 10.0.40219.1
Project("{FAE04EC0-301F-11D3-BF4B-00C04F79EFBC}") = "TransportTycoon", "TransportTycoon\TransportTycoon.csproj", "{075B0D5E-30BF-4D5B-88F3-66C63B416026}"
EndProject
Project("{FAE04EC0-301F-11D3-BF4B-00C04F79EFBC}") = "TransportTycoon.Tests", "TransportTycoon.Tests\TransportTycoon.Tests.csproj", "{B887D361-66A4-4F62-8BA1-841A55D436A1}"
EndProject
Global
	GlobalSection(SolutionConfigurationPlatforms) = preSolution
		Debug|Any CPU = Debug|Any CPU
		Release|Any CPU = Release|Any CPU
	EndGlobalSection
	GlobalSection(ProjectConfigurationPlatforms) = postSolution
		{075B0D5E-30BF-4D5B-88F3-66C63B416026}.Debug|Any CPU.ActiveCfg = Debug|Any CPU
		{075B0D5E-30BF-4D5B-88F3-66C63B416026}.Debug|Any CPU.Build.0 = Debug|Any CPU
		{075B0D5E-30BF-4D5B-88F3-66C63B416026}.Release|Any CPU.ActiveCfg = Release|Any CPU
		{075B0D5E-30BF-4D5B-88F3-66C63B416026}.Release|Any CPU.Build.0 = Release|Any CPU
		{B887D361-66A4-4F62-8BA1-841A55D436A1}.Debug|Any CPU.ActiveCfg = Debug|Any CPU
		{B887D361-66A4-4F62-8BA1-841A55D436A1}.Debug|Any CPU.Build.0 = Debug|Any CPU
		{B887D361-66A4-4F62-8BA1-841A55D436A1}.Release|Any CPU.ActiveCfg = Release|Any CPU
		{B887D361-66A4-4F62-8BA1-841A55D436A1}.Release|Any CPU.Build.0 = Release|Any CPU
	EndGlobalSection
	GlobalSection(SolutionProperties) = preSolution
		HideSolutionNode = FALSE
	EndGlobalSection
	GlobalSection(ExtensibilityGlobals) = postSolution
		SolutionGuid = {3B305BC9-046B-46F4-9767-929AFF1E9ED5}
	EndGlobalSection
EndGlobal
